
Microsoft Visual Studio Solution File, Format Version 12.00
# Visual Studio 15
Project("{FAE04EC0-301F-11D3-BF4B-00C04F79EFBC}") = "UnityEngine.TestRunner", "UnityEngine.TestRunner.csproj", "{86B0B3A2-F69A-0117-0874-B7F58767F5C2}"
EndProject
Project("{FAE04EC0-301F-11D3-BF4B-00C04F79EFBC}") = "Unity.Mathematics", "Unity.Mathematics.csproj", "{F2E60ACF-0FED-8E6C-730A-57B66E7B4507}"
EndProject
Project("{FAE04EC0-301F-11D3-BF4B-00C04F79EFBC}") = "Unity.2D.Animation.Triangle.Runtime", "Unity.2D.Animation.Triangle.Runtime.csproj", "{6F0F77CE-4532-42EE-6644-817C3B8E9031}"
EndProject
Project("{FAE04EC0-301F-11D3-BF4B-00C04F79EFBC}") = "Unity.Timeline", "Unity.Timeline.csproj", "{6EF9F6CD-8F3C-37AC-2A4C-54FA04578FEF}"
EndProject
Project("{FAE04EC0-301F-11D3-BF4B-00C04F79EFBC}") = "UnityEngine.UI", "UnityEngine.UI.csproj", "{946E81EB-6AE7-55A7-E6C7-269E23DF3D6C}"
EndProject
Project("{FAE04EC0-301F-11D3-BF4B-00C04F79EFBC}") = "Unity.TextMeshPro", "Unity.TextMeshPro.csproj", "{5377E45B-36C0-A67F-3233-FE825F152D90}"
EndProject
Project("{FAE04EC0-301F-11D3-BF4B-00C04F79EFBC}") = "Unity.2D.Animation.Runtime", "Unity.2D.Animation.Runtime.csproj", "{037B23F3-3048-6FD2-74D8-29414A1CFE0F}"
EndProject
Project("{FAE04EC0-301F-11D3-BF4B-00C04F79EFBC}") = "Unity.2D.IK.Runtime", "Unity.2D.IK.Runtime.csproj", "{50B2CC90-26A2-8707-6611-F228CD4CA3CF}"
EndProject
Project("{FAE04EC0-301F-11D3-BF4B-00C04F79EFBC}") = "Unity.2D.SpriteShape.Runtime", "Unity.2D.SpriteShape.Runtime.csproj", "{D37F26E3-6038-3FDB-EB22-2D816664BF01}"
EndProject
Project("{FAE04EC0-301F-11D3-BF4B-00C04F79EFBC}") = "Unity.2D.PixelPerfect", "Unity.2D.PixelPerfect.csproj", "{E23A1DAC-F741-57E8-47A4-2106EE5B2B40}"
EndProject
Project("{FAE04EC0-301F-11D3-BF4B-00C04F79EFBC}") = "Unity.2D.Common.Runtime", "Unity.2D.Common.Runtime.csproj", "{1F707DFF-26C7-61E3-04BB-3ACBDC853304}"
EndProject
Project("{FAE04EC0-301F-11D3-BF4B-00C04F79EFBC}") = "Assembly-CSharp", "Assembly-CSharp.csproj", "{BD5CBA65-31EF-97B5-67B7-CF70DB852E2A}"
EndProject
Project("{FAE04EC0-301F-11D3-BF4B-00C04F79EFBC}") = "Unity.InternalAPIEngineBridge.001", "Unity.InternalAPIEngineBridge.001.csproj", "{459989F9-18AF-AFD9-2098-11FA619C102A}"
EndProject
Project("{FAE04EC0-301F-11D3-BF4B-00C04F79EFBC}") = "UnityEditor.TestRunner", "UnityEditor.TestRunner.csproj", "{762489ED-F018-D3C9-9D1A-3794D323D4E9}"
EndProject
Project("{FAE04EC0-301F-11D3-BF4B-00C04F79EFBC}") = "UnityEditor.UI", "UnityEditor.UI.csproj", "{1E1884CB-9670-8632-2996-D16698108BF0}"
EndProject
Project("{FAE04EC0-301F-11D3-BF4B-00C04F79EFBC}") = "Unity.Timeline.Editor", "Unity.Timeline.Editor.csproj", "{65F08DB4-0400-F705-6BA2-9B40308DB75A}"
EndProject
Project("{FAE04EC0-301F-11D3-BF4B-00C04F79EFBC}") = "Unity.VisualStudio.Editor", "Unity.VisualStudio.Editor.csproj", "{66FF1B1E-A5FB-298A-5C23-2C0D8219A490}"
EndProject
Project("{FAE04EC0-301F-11D3-BF4B-00C04F79EFBC}") = "Unity.2D.Psdimporter.Editor", "Unity.2D.Psdimporter.Editor.csproj", "{5098F194-837B-F228-C104-1C2369486DB9}"
EndProject
Project("{FAE04EC0-301F-11D3-BF4B-00C04F79EFBC}") = "Unity.2D.Animation.Editor", "Unity.2D.Animation.Editor.csproj", "{DE248F47-B77B-6786-E5B6-6ED9DB013BE1}"
EndProject
Project("{FAE04EC0-301F-11D3-BF4B-00C04F79EFBC}") = "Unity.TextMeshPro.Editor", "Unity.TextMeshPro.Editor.csproj", "{5692267B-9E69-651C-0F14-83D5E998967E}"
EndProject
Project("{FAE04EC0-301F-11D3-BF4B-00C04F79EFBC}") = "Unity.2D.SpriteShape.Editor", "Unity.2D.SpriteShape.Editor.csproj", "{B1660062-5A81-B8E8-2F7E-2823A618D755}"
EndProject
Project("{FAE04EC0-301F-11D3-BF4B-00C04F79EFBC}") = "Unity.CollabProxy.Editor", "Unity.CollabProxy.Editor.csproj", "{5C95F3C7-95F3-2DF4-9CA4-E57F9C0C4959}"
EndProject
Project("{FAE04EC0-301F-11D3-BF4B-00C04F79EFBC}") = "PsdPlugin", "PsdPlugin.csproj", "{20F5C8FB-40E5-7FBE-7327-20981FC1FE07}"
EndProject
Project("{FAE04EC0-301F-11D3-BF4B-00C04F79EFBC}") = "Unity.2D.Path.Editor", "Unity.2D.Path.Editor.csproj", "{6594C4A3-0563-0AA5-BD11-F5F6D924A1CE}"
EndProject
Project("{FAE04EC0-301F-11D3-BF4B-00C04F79EFBC}") = "Unity.Rider.Editor", "Unity.Rider.Editor.csproj", "{AF20DF2A-90A4-79C0-44FB-A8112E98A385}"
EndProject
Project("{FAE04EC0-301F-11D3-BF4B-00C04F79EFBC}") = "Unity.2D.IK.Editor", "Unity.2D.IK.Editor.csproj", "{D3352406-6945-547C-EA04-D9428B8110C4}"
EndProject
Project("{FAE04EC0-301F-11D3-BF4B-00C04F79EFBC}") = "Unity.2D.Sprite.Editor", "Unity.2D.Sprite.Editor.csproj", "{722C9498-AFA0-6D87-700B-6928A0D527AF}"
EndProject
Project("{FAE04EC0-301F-11D3-BF4B-00C04F79EFBC}") = "Unity.2D.Tilemap.Editor", "Unity.2D.Tilemap.Editor.csproj", "{6F8BE2EB-128A-0B8B-1ECB-756FD0BB38C8}"
EndProject
Project("{FAE04EC0-301F-11D3-BF4B-00C04F79EFBC}") = "Unity.2D.PixelPerfect.Editor", "Unity.2D.PixelPerfect.Editor.csproj", "{D65F1D4D-967F-97D6-BF2D-45B2761B17C9}"
EndProject
Project("{FAE04EC0-301F-11D3-BF4B-00C04F79EFBC}") = "Unity.VSCode.Editor", "Unity.VSCode.Editor.csproj", "{AA9D8E4F-C899-B3ED-0838-89C115D47496}"
EndProject
Project("{FAE04EC0-301F-11D3-BF4B-00C04F79EFBC}") = "Unity.2D.Common.Editor", "Unity.2D.Common.Editor.csproj", "{8515B398-A639-5483-CB55-2B334CFA6E3C}"
EndProject
Project("{FAE04EC0-301F-11D3-BF4B-00C04F79EFBC}") = "Unity.Mathematics.Editor", "Unity.Mathematics.Editor.csproj", "{C8C96531-BE83-08C1-B7AA-6B9A10F48EA0}"
EndProject
Project("{FAE04EC0-301F-11D3-BF4B-00C04F79EFBC}") = "Unity.InternalAPIEditorBridge.001", "Unity.InternalAPIEditorBridge.001.csproj", "{B3CFA5CA-0E8F-ABAB-ACBA-517CEBDA5C7C}"
EndProject
Project("{FAE04EC0-301F-11D3-BF4B-00C04F79EFBC}") = "UnityEngine.TestRunner", "UnityEngine.TestRunner.Player.csproj", "{FB4F18BD-3E67-F45D-C387-8A3B763480EF}"
EndProject
Project("{FAE04EC0-301F-11D3-BF4B-00C04F79EFBC}") = "Unity.Mathematics", "Unity.Mathematics.Player.csproj", "{4A56DDB3-2EBA-8D1F-12C2-A15C35AEA3FF}"
EndProject
Project("{FAE04EC0-301F-11D3-BF4B-00C04F79EFBC}") = "Unity.2D.Animation.Triangle.Runtime", "Unity.2D.Animation.Triangle.Runtime.Player.csproj", "{DA1BFC4D-A653-C93B-AF7B-166AC331E41C}"
EndProject
Project("{FAE04EC0-301F-11D3-BF4B-00C04F79EFBC}") = "Unity.Timeline", "Unity.Timeline.Player.csproj", "{B726203D-591E-E178-A2DC-12FEEFA0C565}"
EndProject
Project("{FAE04EC0-301F-11D3-BF4B-00C04F79EFBC}") = "UnityEngine.UI", "UnityEngine.UI.Player.csproj", "{CF970E86-4A70-D16D-1F36-C955018D2E1D}"
EndProject
Project("{FAE04EC0-301F-11D3-BF4B-00C04F79EFBC}") = "Unity.TextMeshPro", "Unity.TextMeshPro.Player.csproj", "{BD290D0C-15E3-9200-29B6-09BCF28B31CA}"
EndProject
Project("{FAE04EC0-301F-11D3-BF4B-00C04F79EFBC}") = "Unity.2D.Animation.Runtime", "Unity.2D.Animation.Runtime.Player.csproj", "{82BD0964-ACAE-DB81-4633-E8071E188454}"
EndProject
Project("{FAE04EC0-301F-11D3-BF4B-00C04F79EFBC}") = "Unity.2D.IK.Runtime", "Unity.2D.IK.Runtime.Player.csproj", "{292DA256-C939-E960-E005-FBA512A52D6F}"
EndProject
Project("{FAE04EC0-301F-11D3-BF4B-00C04F79EFBC}") = "Unity.2D.SpriteShape.Runtime", "Unity.2D.SpriteShape.Runtime.Player.csproj", "{4C151B22-4813-51A2-1E7F-34477C8B6B8D}"
EndProject
Project("{FAE04EC0-301F-11D3-BF4B-00C04F79EFBC}") = "Unity.2D.PixelPerfect", "Unity.2D.PixelPerfect.Player.csproj", "{E22A0332-31A9-FB69-08E7-6A6AB8FC9ADE}"
EndProject
Project("{FAE04EC0-301F-11D3-BF4B-00C04F79EFBC}") = "Unity.2D.Common.Runtime", "Unity.2D.Common.Runtime.Player.csproj", "{8951C47F-4C60-D656-997E-825F2CC2E5CF}"
EndProject
Project("{FAE04EC0-301F-11D3-BF4B-00C04F79EFBC}") = "Assembly-CSharp", "Assembly-CSharp.Player.csproj", "{52ACC747-2DE7-39CF-5426-610F5F3EE078}"
EndProject
Project("{FAE04EC0-301F-11D3-BF4B-00C04F79EFBC}") = "Unity.InternalAPIEngineBridge.001", "Unity.InternalAPIEngineBridge.001.Player.csproj", "{DA49DB13-9A9C-F222-B107-BE2C2AF64F3B}"
EndProject
Global
	GlobalSection(SolutionConfigurationPlatforms) = preSolution
		Debug|Any CPU = Debug|Any CPU
		Release|Any CPU = Release|Any CPU
	EndGlobalSection
	GlobalSection(ProjectConfigurationPlatforms) = postSolution
		{86B0B3A2-F69A-0117-0874-B7F58767F5C2}.Debug|Any CPU.ActiveCfg = Debug|Any CPU
		{86B0B3A2-F69A-0117-0874-B7F58767F5C2}.Debug|Any CPU.Build.0 = Debug|Any CPU
		{86B0B3A2-F69A-0117-0874-B7F58767F5C2}.Release|Any CPU.ActiveCfg = Release|Any CPU
		{86B0B3A2-F69A-0117-0874-B7F58767F5C2}.Release|Any CPU.Build.0 = Release|Any CPU
		{F2E60ACF-0FED-8E6C-730A-57B66E7B4507}.Debug|Any CPU.ActiveCfg = Debug|Any CPU
		{F2E60ACF-0FED-8E6C-730A-57B66E7B4507}.Debug|Any CPU.Build.0 = Debug|Any CPU
		{F2E60ACF-0FED-8E6C-730A-57B66E7B4507}.Release|Any CPU.ActiveCfg = Release|Any CPU
		{F2E60ACF-0FED-8E6C-730A-57B66E7B4507}.Release|Any CPU.Build.0 = Release|Any CPU
		{6F0F77CE-4532-42EE-6644-817C3B8E9031}.Debug|Any CPU.ActiveCfg = Debug|Any CPU
		{6F0F77CE-4532-42EE-6644-817C3B8E9031}.Debug|Any CPU.Build.0 = Debug|Any CPU
		{6F0F77CE-4532-42EE-6644-817C3B8E9031}.Release|Any CPU.ActiveCfg = Release|Any CPU
		{6F0F77CE-4532-42EE-6644-817C3B8E9031}.Release|Any CPU.Build.0 = Release|Any CPU
		{6EF9F6CD-8F3C-37AC-2A4C-54FA04578FEF}.Debug|Any CPU.ActiveCfg = Debug|Any CPU
		{6EF9F6CD-8F3C-37AC-2A4C-54FA04578FEF}.Debug|Any CPU.Build.0 = Debug|Any CPU
		{6EF9F6CD-8F3C-37AC-2A4C-54FA04578FEF}.Release|Any CPU.ActiveCfg = Release|Any CPU
		{6EF9F6CD-8F3C-37AC-2A4C-54FA04578FEF}.Release|Any CPU.Build.0 = Release|Any CPU
		{946E81EB-6AE7-55A7-E6C7-269E23DF3D6C}.Debug|Any CPU.ActiveCfg = Debug|Any CPU
		{946E81EB-6AE7-55A7-E6C7-269E23DF3D6C}.Debug|Any CPU.Build.0 = Debug|Any CPU
		{946E81EB-6AE7-55A7-E6C7-269E23DF3D6C}.Release|Any CPU.ActiveCfg = Release|Any CPU
		{946E81EB-6AE7-55A7-E6C7-269E23DF3D6C}.Release|Any CPU.Build.0 = Release|Any CPU
		{5377E45B-36C0-A67F-3233-FE825F152D90}.Debug|Any CPU.ActiveCfg = Debug|Any CPU
		{5377E45B-36C0-A67F-3233-FE825F152D90}.Debug|Any CPU.Build.0 = Debug|Any CPU
		{5377E45B-36C0-A67F-3233-FE825F152D90}.Release|Any CPU.ActiveCfg = Release|Any CPU
		{5377E45B-36C0-A67F-3233-FE825F152D90}.Release|Any CPU.Build.0 = Release|Any CPU
		{037B23F3-3048-6FD2-74D8-29414A1CFE0F}.Debug|Any CPU.ActiveCfg = Debug|Any CPU
		{037B23F3-3048-6FD2-74D8-29414A1CFE0F}.Debug|Any CPU.Build.0 = Debug|Any CPU
		{037B23F3-3048-6FD2-74D8-29414A1CFE0F}.Release|Any CPU.ActiveCfg = Release|Any CPU
		{037B23F3-3048-6FD2-74D8-29414A1CFE0F}.Release|Any CPU.Build.0 = Release|Any CPU
		{50B2CC90-26A2-8707-6611-F228CD4CA3CF}.Debug|Any CPU.ActiveCfg = Debug|Any CPU
		{50B2CC90-26A2-8707-6611-F228CD4CA3CF}.Debug|Any CPU.Build.0 = Debug|Any CPU
		{50B2CC90-26A2-8707-6611-F228CD4CA3CF}.Release|Any CPU.ActiveCfg = Release|Any CPU
		{50B2CC90-26A2-8707-6611-F228CD4CA3CF}.Release|Any CPU.Build.0 = Release|Any CPU
		{D37F26E3-6038-3FDB-EB22-2D816664BF01}.Debug|Any CPU.ActiveCfg = Debug|Any CPU
		{D37F26E3-6038-3FDB-EB22-2D816664BF01}.Debug|Any CPU.Build.0 = Debug|Any CPU
		{D37F26E3-6038-3FDB-EB22-2D816664BF01}.Release|Any CPU.ActiveCfg = Release|Any CPU
		{D37F26E3-6038-3FDB-EB22-2D816664BF01}.Release|Any CPU.Build.0 = Release|Any CPU
		{E23A1DAC-F741-57E8-47A4-2106EE5B2B40}.Debug|Any CPU.ActiveCfg = Debug|Any CPU
		{E23A1DAC-F741-57E8-47A4-2106EE5B2B40}.Debug|Any CPU.Build.0 = Debug|Any CPU
		{E23A1DAC-F741-57E8-47A4-2106EE5B2B40}.Release|Any CPU.ActiveCfg = Release|Any CPU
		{E23A1DAC-F741-57E8-47A4-2106EE5B2B40}.Release|Any CPU.Build.0 = Release|Any CPU
		{1F707DFF-26C7-61E3-04BB-3ACBDC853304}.Debug|Any CPU.ActiveCfg = Debug|Any CPU
		{1F707DFF-26C7-61E3-04BB-3ACBDC853304}.Debug|Any CPU.Build.0 = Debug|Any CPU
		{1F707DFF-26C7-61E3-04BB-3ACBDC853304}.Release|Any CPU.ActiveCfg = Release|Any CPU
		{1F707DFF-26C7-61E3-04BB-3ACBDC853304}.Release|Any CPU.Build.0 = Release|Any CPU
		{BD5CBA65-31EF-97B5-67B7-CF70DB852E2A}.Debug|Any CPU.ActiveCfg = Debug|Any CPU
		{BD5CBA65-31EF-97B5-67B7-CF70DB852E2A}.Debug|Any CPU.Build.0 = Debug|Any CPU
		{BD5CBA65-31EF-97B5-67B7-CF70DB852E2A}.Release|Any CPU.ActiveCfg = Release|Any CPU
		{BD5CBA65-31EF-97B5-67B7-CF70DB852E2A}.Release|Any CPU.Build.0 = Release|Any CPU
		{459989F9-18AF-AFD9-2098-11FA619C102A}.Debug|Any CPU.ActiveCfg = Debug|Any CPU
		{459989F9-18AF-AFD9-2098-11FA619C102A}.Debug|Any CPU.Build.0 = Debug|Any CPU
		{459989F9-18AF-AFD9-2098-11FA619C102A}.Release|Any CPU.ActiveCfg = Release|Any CPU
		{459989F9-18AF-AFD9-2098-11FA619C102A}.Release|Any CPU.Build.0 = Release|Any CPU
		{762489ED-F018-D3C9-9D1A-3794D323D4E9}.Debug|Any CPU.ActiveCfg = Debug|Any CPU
		{762489ED-F018-D3C9-9D1A-3794D323D4E9}.Debug|Any CPU.Build.0 = Debug|Any CPU
		{762489ED-F018-D3C9-9D1A-3794D323D4E9}.Release|Any CPU.ActiveCfg = Release|Any CPU
		{762489ED-F018-D3C9-9D1A-3794D323D4E9}.Release|Any CPU.Build.0 = Release|Any CPU
		{1E1884CB-9670-8632-2996-D16698108BF0}.Debug|Any CPU.ActiveCfg = Debug|Any CPU
		{1E1884CB-9670-8632-2996-D16698108BF0}.Debug|Any CPU.Build.0 = Debug|Any CPU
		{1E1884CB-9670-8632-2996-D16698108BF0}.Release|Any CPU.ActiveCfg = Release|Any CPU
		{1E1884CB-9670-8632-2996-D16698108BF0}.Release|Any CPU.Build.0 = Release|Any CPU
		{65F08DB4-0400-F705-6BA2-9B40308DB75A}.Debug|Any CPU.ActiveCfg = Debug|Any CPU
		{65F08DB4-0400-F705-6BA2-9B40308DB75A}.Debug|Any CPU.Build.0 = Debug|Any CPU
		{65F08DB4-0400-F705-6BA2-9B40308DB75A}.Release|Any CPU.ActiveCfg = Release|Any CPU
		{65F08DB4-0400-F705-6BA2-9B40308DB75A}.Release|Any CPU.Build.0 = Release|Any CPU
		{66FF1B1E-A5FB-298A-5C23-2C0D8219A490}.Debug|Any CPU.ActiveCfg = Debug|Any CPU
		{66FF1B1E-A5FB-298A-5C23-2C0D8219A490}.Debug|Any CPU.Build.0 = Debug|Any CPU
		{66FF1B1E-A5FB-298A-5C23-2C0D8219A490}.Release|Any CPU.ActiveCfg = Release|Any CPU
		{66FF1B1E-A5FB-298A-5C23-2C0D8219A490}.Release|Any CPU.Build.0 = Release|Any CPU
		{5098F194-837B-F228-C104-1C2369486DB9}.Debug|Any CPU.ActiveCfg = Debug|Any CPU
		{5098F194-837B-F228-C104-1C2369486DB9}.Debug|Any CPU.Build.0 = Debug|Any CPU
		{5098F194-837B-F228-C104-1C2369486DB9}.Release|Any CPU.ActiveCfg = Release|Any CPU
		{5098F194-837B-F228-C104-1C2369486DB9}.Release|Any CPU.Build.0 = Release|Any CPU
		{DE248F47-B77B-6786-E5B6-6ED9DB013BE1}.Debug|Any CPU.ActiveCfg = Debug|Any CPU
		{DE248F47-B77B-6786-E5B6-6ED9DB013BE1}.Debug|Any CPU.Build.0 = Debug|Any CPU
		{DE248F47-B77B-6786-E5B6-6ED9DB013BE1}.Release|Any CPU.ActiveCfg = Release|Any CPU
		{DE248F47-B77B-6786-E5B6-6ED9DB013BE1}.Release|Any CPU.Build.0 = Release|Any CPU
		{5692267B-9E69-651C-0F14-83D5E998967E}.Debug|Any CPU.ActiveCfg = Debug|Any CPU
		{5692267B-9E69-651C-0F14-83D5E998967E}.Debug|Any CPU.Build.0 = Debug|Any CPU
		{5692267B-9E69-651C-0F14-83D5E998967E}.Release|Any CPU.ActiveCfg = Release|Any CPU
		{5692267B-9E69-651C-0F14-83D5E998967E}.Release|Any CPU.Build.0 = Release|Any CPU
		{B1660062-5A81-B8E8-2F7E-2823A618D755}.Debug|Any CPU.ActiveCfg = Debug|Any CPU
		{B1660062-5A81-B8E8-2F7E-2823A618D755}.Debug|Any CPU.Build.0 = Debug|Any CPU
		{B1660062-5A81-B8E8-2F7E-2823A618D755}.Release|Any CPU.ActiveCfg = Release|Any CPU
		{B1660062-5A81-B8E8-2F7E-2823A618D755}.Release|Any CPU.Build.0 = Release|Any CPU
		{5C95F3C7-95F3-2DF4-9CA4-E57F9C0C4959}.Debug|Any CPU.ActiveCfg = Debug|Any CPU
		{5C95F3C7-95F3-2DF4-9CA4-E57F9C0C4959}.Debug|Any CPU.Build.0 = Debug|Any CPU
		{5C95F3C7-95F3-2DF4-9CA4-E57F9C0C4959}.Release|Any CPU.ActiveCfg = Release|Any CPU
		{5C95F3C7-95F3-2DF4-9CA4-E57F9C0C4959}.Release|Any CPU.Build.0 = Release|Any CPU
		{20F5C8FB-40E5-7FBE-7327-20981FC1FE07}.Debug|Any CPU.ActiveCfg = Debug|Any CPU
		{20F5C8FB-40E5-7FBE-7327-20981FC1FE07}.Debug|Any CPU.Build.0 = Debug|Any CPU
		{20F5C8FB-40E5-7FBE-7327-20981FC1FE07}.Release|Any CPU.ActiveCfg = Release|Any CPU
		{20F5C8FB-40E5-7FBE-7327-20981FC1FE07}.Release|Any CPU.Build.0 = Release|Any CPU
		{6594C4A3-0563-0AA5-BD11-F5F6D924A1CE}.Debug|Any CPU.ActiveCfg = Debug|Any CPU
		{6594C4A3-0563-0AA5-BD11-F5F6D924A1CE}.Debug|Any CPU.Build.0 = Debug|Any CPU
		{6594C4A3-0563-0AA5-BD11-F5F6D924A1CE}.Release|Any CPU.ActiveCfg = Release|Any CPU
		{6594C4A3-0563-0AA5-BD11-F5F6D924A1CE}.Release|Any CPU.Build.0 = Release|Any CPU
		{AF20DF2A-90A4-79C0-44FB-A8112E98A385}.Debug|Any CPU.ActiveCfg = Debug|Any CPU
		{AF20DF2A-90A4-79C0-44FB-A8112E98A385}.Debug|Any CPU.Build.0 = Debug|Any CPU
		{AF20DF2A-90A4-79C0-44FB-A8112E98A385}.Release|Any CPU.ActiveCfg = Release|Any CPU
		{AF20DF2A-90A4-79C0-44FB-A8112E98A385}.Release|Any CPU.Build.0 = Release|Any CPU
		{D3352406-6945-547C-EA04-D9428B8110C4}.Debug|Any CPU.ActiveCfg = Debug|Any CPU
		{D3352406-6945-547C-EA04-D9428B8110C4}.Debug|Any CPU.Build.0 = Debug|Any CPU
		{D3352406-6945-547C-EA04-D9428B8110C4}.Release|Any CPU.ActiveCfg = Release|Any CPU
		{D3352406-6945-547C-EA04-D9428B8110C4}.Release|Any CPU.Build.0 = Release|Any CPU
		{722C9498-AFA0-6D87-700B-6928A0D527AF}.Debug|Any CPU.ActiveCfg = Debug|Any CPU
		{722C9498-AFA0-6D87-700B-6928A0D527AF}.Debug|Any CPU.Build.0 = Debug|Any CPU
		{722C9498-AFA0-6D87-700B-6928A0D527AF}.Release|Any CPU.ActiveCfg = Release|Any CPU
		{722C9498-AFA0-6D87-700B-6928A0D527AF}.Release|Any CPU.Build.0 = Release|Any CPU
		{6F8BE2EB-128A-0B8B-1ECB-756FD0BB38C8}.Debug|Any CPU.ActiveCfg = Debug|Any CPU
		{6F8BE2EB-128A-0B8B-1ECB-756FD0BB38C8}.Debug|Any CPU.Build.0 = Debug|Any CPU
		{6F8BE2EB-128A-0B8B-1ECB-756FD0BB38C8}.Release|Any CPU.ActiveCfg = Release|Any CPU
		{6F8BE2EB-128A-0B8B-1ECB-756FD0BB38C8}.Release|Any CPU.Build.0 = Release|Any CPU
		{D65F1D4D-967F-97D6-BF2D-45B2761B17C9}.Debug|Any CPU.ActiveCfg = Debug|Any CPU
		{D65F1D4D-967F-97D6-BF2D-45B2761B17C9}.Debug|Any CPU.Build.0 = Debug|Any CPU
		{D65F1D4D-967F-97D6-BF2D-45B2761B17C9}.Release|Any CPU.ActiveCfg = Release|Any CPU
		{D65F1D4D-967F-97D6-BF2D-45B2761B17C9}.Release|Any CPU.Build.0 = Release|Any CPU
		{AA9D8E4F-C899-B3ED-0838-89C115D47496}.Debug|Any CPU.ActiveCfg = Debug|Any CPU
		{AA9D8E4F-C899-B3ED-0838-89C115D47496}.Debug|Any CPU.Build.0 = Debug|Any CPU
		{AA9D8E4F-C899-B3ED-0838-89C115D47496}.Release|Any CPU.ActiveCfg = Release|Any CPU
		{AA9D8E4F-C899-B3ED-0838-89C115D47496}.Release|Any CPU.Build.0 = Release|Any CPU
		{8515B398-A639-5483-CB55-2B334CFA6E3C}.Debug|Any CPU.ActiveCfg = Debug|Any CPU
		{8515B398-A639-5483-CB55-2B334CFA6E3C}.Debug|Any CPU.Build.0 = Debug|Any CPU
		{8515B398-A639-5483-CB55-2B334CFA6E3C}.Release|Any CPU.ActiveCfg = Release|Any CPU
		{8515B398-A639-5483-CB55-2B334CFA6E3C}.Release|Any CPU.Build.0 = Release|Any CPU
		{C8C96531-BE83-08C1-B7AA-6B9A10F48EA0}.Debug|Any CPU.ActiveCfg = Debug|Any CPU
		{C8C96531-BE83-08C1-B7AA-6B9A10F48EA0}.Debug|Any CPU.Build.0 = Debug|Any CPU
		{C8C96531-BE83-08C1-B7AA-6B9A10F48EA0}.Release|Any CPU.ActiveCfg = Release|Any CPU
		{C8C96531-BE83-08C1-B7AA-6B9A10F48EA0}.Release|Any CPU.Build.0 = Release|Any CPU
		{B3CFA5CA-0E8F-ABAB-ACBA-517CEBDA5C7C}.Debug|Any CPU.ActiveCfg = Debug|Any CPU
		{B3CFA5CA-0E8F-ABAB-ACBA-517CEBDA5C7C}.Debug|Any CPU.Build.0 = Debug|Any CPU
		{B3CFA5CA-0E8F-ABAB-ACBA-517CEBDA5C7C}.Release|Any CPU.ActiveCfg = Release|Any CPU
		{B3CFA5CA-0E8F-ABAB-ACBA-517CEBDA5C7C}.Release|Any CPU.Build.0 = Release|Any CPU
		{FB4F18BD-3E67-F45D-C387-8A3B763480EF}.Debug|Any CPU.ActiveCfg = Debug|Any CPU
		{FB4F18BD-3E67-F45D-C387-8A3B763480EF}.Debug|Any CPU.Build.0 = Debug|Any CPU
		{FB4F18BD-3E67-F45D-C387-8A3B763480EF}.Release|Any CPU.ActiveCfg = Release|Any CPU
		{FB4F18BD-3E67-F45D-C387-8A3B763480EF}.Release|Any CPU.Build.0 = Release|Any CPU
		{4A56DDB3-2EBA-8D1F-12C2-A15C35AEA3FF}.Debug|Any CPU.ActiveCfg = Debug|Any CPU
		{4A56DDB3-2EBA-8D1F-12C2-A15C35AEA3FF}.Debug|Any CPU.Build.0 = Debug|Any CPU
		{4A56DDB3-2EBA-8D1F-12C2-A15C35AEA3FF}.Release|Any CPU.ActiveCfg = Release|Any CPU
		{4A56DDB3-2EBA-8D1F-12C2-A15C35AEA3FF}.Release|Any CPU.Build.0 = Release|Any CPU
		{DA1BFC4D-A653-C93B-AF7B-166AC331E41C}.Debug|Any CPU.ActiveCfg = Debug|Any CPU
		{DA1BFC4D-A653-C93B-AF7B-166AC331E41C}.Debug|Any CPU.Build.0 = Debug|Any CPU
		{DA1BFC4D-A653-C93B-AF7B-166AC331E41C}.Release|Any CPU.ActiveCfg = Release|Any CPU
		{DA1BFC4D-A653-C93B-AF7B-166AC331E41C}.Release|Any CPU.Build.0 = Release|Any CPU
		{B726203D-591E-E178-A2DC-12FEEFA0C565}.Debug|Any CPU.ActiveCfg = Debug|Any CPU
		{B726203D-591E-E178-A2DC-12FEEFA0C565}.Debug|Any CPU.Build.0 = Debug|Any CPU
		{B726203D-591E-E178-A2DC-12FEEFA0C565}.Release|Any CPU.ActiveCfg = Release|Any CPU
		{B726203D-591E-E178-A2DC-12FEEFA0C565}.Release|Any CPU.Build.0 = Release|Any CPU
		{CF970E86-4A70-D16D-1F36-C955018D2E1D}.Debug|Any CPU.ActiveCfg = Debug|Any CPU
		{CF970E86-4A70-D16D-1F36-C955018D2E1D}.Debug|Any CPU.Build.0 = Debug|Any CPU
		{CF970E86-4A70-D16D-1F36-C955018D2E1D}.Release|Any CPU.ActiveCfg = Release|Any CPU
		{CF970E86-4A70-D16D-1F36-C955018D2E1D}.Release|Any CPU.Build.0 = Release|Any CPU
		{BD290D0C-15E3-9200-29B6-09BCF28B31CA}.Debug|Any CPU.ActiveCfg = Debug|Any CPU
		{BD290D0C-15E3-9200-29B6-09BCF28B31CA}.Debug|Any CPU.Build.0 = Debug|Any CPU
		{BD290D0C-15E3-9200-29B6-09BCF28B31CA}.Release|Any CPU.ActiveCfg = Release|Any CPU
		{BD290D0C-15E3-9200-29B6-09BCF28B31CA}.Release|Any CPU.Build.0 = Release|Any CPU
		{82BD0964-ACAE-DB81-4633-E8071E188454}.Debug|Any CPU.ActiveCfg = Debug|Any CPU
		{82BD0964-ACAE-DB81-4633-E8071E188454}.Debug|Any CPU.Build.0 = Debug|Any CPU
		{82BD0964-ACAE-DB81-4633-E8071E188454}.Release|Any CPU.ActiveCfg = Release|Any CPU
		{82BD0964-ACAE-DB81-4633-E8071E188454}.Release|Any CPU.Build.0 = Release|Any CPU
		{292DA256-C939-E960-E005-FBA512A52D6F}.Debug|Any CPU.ActiveCfg = Debug|Any CPU
		{292DA256-C939-E960-E005-FBA512A52D6F}.Debug|Any CPU.Build.0 = Debug|Any CPU
		{292DA256-C939-E960-E005-FBA512A52D6F}.Release|Any CPU.ActiveCfg = Release|Any CPU
		{292DA256-C939-E960-E005-FBA512A52D6F}.Release|Any CPU.Build.0 = Release|Any CPU
		{4C151B22-4813-51A2-1E7F-34477C8B6B8D}.Debug|Any CPU.ActiveCfg = Debug|Any CPU
		{4C151B22-4813-51A2-1E7F-34477C8B6B8D}.Debug|Any CPU.Build.0 = Debug|Any CPU
		{4C151B22-4813-51A2-1E7F-34477C8B6B8D}.Release|Any CPU.ActiveCfg = Release|Any CPU
		{4C151B22-4813-51A2-1E7F-34477C8B6B8D}.Release|Any CPU.Build.0 = Release|Any CPU
		{E22A0332-31A9-FB69-08E7-6A6AB8FC9ADE}.Debug|Any CPU.ActiveCfg = Debug|Any CPU
		{E22A0332-31A9-FB69-08E7-6A6AB8FC9ADE}.Debug|Any CPU.Build.0 = Debug|Any CPU
		{E22A0332-31A9-FB69-08E7-6A6AB8FC9ADE}.Release|Any CPU.ActiveCfg = Release|Any CPU
		{E22A0332-31A9-FB69-08E7-6A6AB8FC9ADE}.Release|Any CPU.Build.0 = Release|Any CPU
		{8951C47F-4C60-D656-997E-825F2CC2E5CF}.Debug|Any CPU.ActiveCfg = Debug|Any CPU
		{8951C47F-4C60-D656-997E-825F2CC2E5CF}.Debug|Any CPU.Build.0 = Debug|Any CPU
		{8951C47F-4C60-D656-997E-825F2CC2E5CF}.Release|Any CPU.ActiveCfg = Release|Any CPU
		{8951C47F-4C60-D656-997E-825F2CC2E5CF}.Release|Any CPU.Build.0 = Release|Any CPU
		{52ACC747-2DE7-39CF-5426-610F5F3EE078}.Debug|Any CPU.ActiveCfg = Debug|Any CPU
		{52ACC747-2DE7-39CF-5426-610F5F3EE078}.Debug|Any CPU.Build.0 = Debug|Any CPU
		{52ACC747-2DE7-39CF-5426-610F5F3EE078}.Release|Any CPU.ActiveCfg = Release|Any CPU
		{52ACC747-2DE7-39CF-5426-610F5F3EE078}.Release|Any CPU.Build.0 = Release|Any CPU
		{DA49DB13-9A9C-F222-B107-BE2C2AF64F3B}.Debug|Any CPU.ActiveCfg = Debug|Any CPU
		{DA49DB13-9A9C-F222-B107-BE2C2AF64F3B}.Debug|Any CPU.Build.0 = Debug|Any CPU
		{DA49DB13-9A9C-F222-B107-BE2C2AF64F3B}.Release|Any CPU.ActiveCfg = Release|Any CPU
		{DA49DB13-9A9C-F222-B107-BE2C2AF64F3B}.Release|Any CPU.Build.0 = Release|Any CPU
	EndGlobalSection
	GlobalSection(SolutionProperties) = preSolution
		HideSolutionNode = FALSE
	EndGlobalSection
EndGlobal
